{
    "hash": "a1bada79cec640504a9939af81e4f531",
    "packages": [
        {
            "package": "armd/banner-bundle",
            "version": "dev-master",
            "source-reference": "1f3a34bc8b7d5fb3c68a7fa6c42a91a89f4c86de",
            "commit-date": "1346682774"
        },
        {
            "package": "armd/comment",
            "version": "dev-master",
            "source-reference": "1fcb6a7437f73484365ec0e68bb4bf46ef19758f",
            "commit-date": "1344343580"
        },
        {
            "package": "armd/sphinx-search-bundle",
            "version": "dev-master",
            "source-reference": "10c8d8b8660aafbfbf1efcd1cf14307884d134f8",
            "commit-date": "1346025899"
        },
        {
            "package": "doctrine/common",
            "version": "2.3.x-dev",
            "source-reference": "605b1b8b5a7bc8daf9111fb35483e5708e30de35",
            "commit-date": "1346249247"
        },
        {
            "package": "doctrine/data-fixtures",
            "version": "dev-master",
            "source-reference": "779c3dfe446b6da893be87b908d6be28345d1e01",
            "commit-date": "1341780535"
        },
        {
            "package": "doctrine/dbal",
            "version": "2.3.x-dev",
            "source-reference": "239630b61f03f39d198441eced1bfffb7b0e61d1",
            "commit-date": "1346866589"
        },
        {
            "package": "doctrine/doctrine-bundle",
            "version": "dev-master",
            "alias-pretty-version": "1.0.x-dev",
            "alias-version": "1.0.9999999.9999999-dev"
        },
        {
            "package": "doctrine/doctrine-bundle",
            "version": "dev-master",
            "source-reference": "4d9bb0f3af470556983eb41a7d19ede23401ef0b",
            "commit-date": "1344549563"
        },
        {
            "package": "doctrine/doctrine-fixtures-bundle",
            "version": "dev-master",
            "source-reference": "a5103a71bcd9b2f851ca6c16519a077784a3184a",
            "commit-date": "1341472847"
        },
        {
            "package": "doctrine/doctrine-migrations-bundle",
            "version": "dev-master",
            "source-reference": "3792aa78445773387754c6853bbd7f4dcb31f486",
            "commit-date": "1341472972"
        },
        {
            "package": "doctrine/migrations",
            "version": "dev-master",
            "source-reference": "17f4b56bf0af0274cabdf3ae9b644059246d66b7",
            "commit-date": "1347005884"
        },
        {
            "package": "doctrine/orm",
            "version": "2.3.x-dev",
            "source-reference": "4d9f24b2eef3af3a3e76c773994c19bbb0706f88",
            "commit-date": "1346869007"
        },
        {
            "package": "friendsofsymfony/comment-bundle",
            "version": "dev-master",
            "source-reference": "aad0160aed820d9aa15994b1b9e41c89d63410d3",
            "commit-date": "1343087486"
        },
        {
            "package": "friendsofsymfony/jsrouting-bundle",
            "version": "dev-master",
            "source-reference": "f1a19530756d9614e5ab58a509587b1dd0f3f826",
            "commit-date": "1346400455"
        },
        {
            "package": "friendsofsymfony/rest",
            "version": "dev-master",
            "alias-pretty-version": "0.7.x-dev",
            "alias-version": "0.7.9999999.9999999-dev"
        },
        {
            "package": "friendsofsymfony/rest",
            "version": "dev-master",
            "source-reference": "5ea703f5a3f5c7110cadeccb91b212c0eb7ea2d0",
            "commit-date": "1339701893"
        },
        {
            "package": "friendsofsymfony/rest-bundle",
            "version": "dev-master",
            "source-reference": "c91c61fc4523d1755e1948c803a14c705ed5fd24",
            "commit-date": "1346970215"
        },
        {
            "package": "friendsofsymfony/user-bundle",
            "version": "dev-master",
            "source-reference": "24edb2f2e83b227a4ba24180c69758005e805991",
            "commit-date": "1346829941"
        },
        {
            "package": "gedmo/doctrine-extensions",
            "version": "dev-master",
            "source-reference": "4e8a3a920eedaba4e76c26a92347e9b47bb7ffdf",
            "commit-date": "1346486653"
        },
        {
            "package": "hwi/oauth-bundle",
            "version": "dev-master",
            "source-reference": "8397d4b0dd878bbac4abd60ab22480ce9ca7bb28",
            "commit-date": "1346424865"
        },
        {
            "package": "imagine/Imagine",
            "version": "v0.3.0"
        },
        {
            "package": "jms/aop-bundle",
            "version": "1.0.0"
        },
        {
            "package": "jms/cg",
            "version": "1.0.0"
        },
        {
            "package": "jms/di-extra-bundle",
            "version": "dev-master",
            "alias-pretty-version": "1.2.x-dev",
            "alias-version": "1.2.9999999.9999999-dev"
        },
        {
            "package": "jms/di-extra-bundle",
            "version": "dev-master",
            "source-reference": "a949d13485eff40b5672d29a136f3ecd34ed0f85",
            "commit-date": "1346498128"
        },
        {
            "package": "jms/metadata",
            "version": "1.1.1"
        },
        {
            "package": "jms/security-extra-bundle",
            "version": "dev-master",
            "alias-pretty-version": "1.3.x-dev",
            "alias-version": "1.3.9999999.9999999-dev"
        },
        {
            "package": "jms/security-extra-bundle",
            "version": "dev-master",
            "source-reference": "dc76f47a5f4171abfd958fe4d277dfa11a3290ce",
            "commit-date": "1345840275"
        },
        {
            "package": "jms/serializer-bundle",
            "version": "dev-master",
            "alias-pretty-version": "0.9.x-dev",
            "alias-version": "0.9.9999999.9999999-dev"
        },
        {
            "package": "jms/serializer-bundle",
            "version": "dev-master",
            "source-reference": "1f308a587742246e87e580290f3bae23073d1d70",
            "commit-date": "1343641450"
        },
        {
            "package": "knplabs/gaufrette",
            "version": "dev-master",
            "source-reference": "8611109aeb0bd43fd88485c20fec7fc85b021b84",
            "commit-date": "1346332090"
        },
        {
            "package": "knplabs/knp-components",
            "version": "dev-master",
            "source-reference": "99ea408dc2a7c3616e688ffe67e3248ece69ff0e",
            "commit-date": "1339767068"
        },
        {
            "package": "knplabs/knp-menu",
            "version": "1.1.x-dev",
            "source-reference": "v1.1.2",
            "commit-date": "1339345240"
        },
        {
            "package": "knplabs/knp-menu-bundle",
            "version": "v1.1.0"
        },
        {
            "package": "knplabs/knp-paginator-bundle",
            "version": "dev-master",
            "source-reference": "de439d2816fe984dbe0c438fd4d0d7c67748c5ff",
            "commit-date": "1343676956"
        },
        {
            "package": "kriswallsmith/assetic",
            "version": "dev-master",
            "alias-pretty-version": "1.1.x-dev",
            "alias-version": "1.1.9999999.9999999-dev"
        },
        {
            "package": "kriswallsmith/assetic",
            "version": "dev-master",
            "source-reference": "86b637e9f64ddcbd17d9eda944384812b5836254",
            "commit-date": "1346695911"
        },
        {
            "package": "kriswallsmith/buzz",
            "version": "v0.7"
        },
        {
            "package": "monolog/monolog",
            "version": "dev-master",
            "alias-pretty-version": "1.3.x-dev",
            "alias-version": "1.3.9999999.9999999-dev"
        },
        {
            "package": "monolog/monolog",
            "version": "dev-master",
            "source-reference": "a929570bb7688b39fefe4106f0ecf0ac35f37647",
            "commit-date": "1346873566"
        },
        {
            "package": "sensio/distribution-bundle",
            "version": "2.1.x-dev",
            "source-reference": "2eee3cb4cd761c851f0d766649fb9ff6f4c97002",
            "commit-date": "1347340208"
        },
        {
            "package": "sensio/framework-extra-bundle",
            "version": "2.1.x-dev",
            "source-reference": "v2.1.0",
            "commit-date": "1346234539"
        },
        {
            "package": "sensio/generator-bundle",
            "version": "v2.1.0-RC2"
        },
        {
            "package": "sonata-project/admin-bundle",
            "version": "dev-master",
            "source-reference": "20d5e4a659bddb5fc0bcfc4755643dbc4e3f7ec1",
            "commit-date": "1346456918"
        },
        {
            "package": "sonata-project/block-bundle",
            "version": "dev-master",
            "source-reference": "61c35f215da477337b268840d193ead564f09881",
            "commit-date": "1346371058"
        },
        {
            "package": "sonata-project/cache-bundle",
            "version": "dev-master",
            "source-reference": "0f339c37e19d8cce728e74ee9da34a9e51d54a11",
            "commit-date": "1346968445"
        },
        {
            "package": "sonata-project/doctrine-extensions",
            "version": "dev-master",
            "source-reference": "0a316790871e1ea7f019e2313667570eabd270b9",
            "commit-date": "1332462393"
        },
        {
            "package": "sonata-project/doctrine-orm-admin-bundle",
            "version": "dev-master",
            "source-reference": "4cc933465559a650a3455210046bb33945b75e64",
            "commit-date": "1343836769"
        },
        {
            "package": "sonata-project/easy-extends-bundle",
            "version": "dev-master",
            "source-reference": "290b64d6a3693e36737a32b585d4f40973f12e82",
            "commit-date": "1346368304"
        },
        {
            "package": "sonata-project/exporter",
            "version": "dev-master",
            "source-reference": "75174b5a41f1014ecb4b4810a518f036b830d862",
            "commit-date": "1346967589"
        },
        {
            "package": "sonata-project/jquery-bundle",
            "version": "dev-master",
            "source-reference": "5f87a761302e6c78304e071416f75d41eb1fb3c2",
            "commit-date": "1346283282"
        },
        {
            "package": "sonata-project/media-bundle",
            "version": "dev-master",
            "source-reference": "d04a617d81383a6e1ba65ee99c2ea4379e7daf4e",
            "commit-date": "1346967866"
        },
        {
            "package": "sonata-project/notification-bundle",
            "version": "dev-master",
            "source-reference": "5e7b50cca284ddcf3b07c0f4fb5a46c4755c8684",
            "commit-date": "1346448322"
        },
        {
            "package": "sonata-project/user-bundle",
            "version": "dev-master",
            "source-reference": "481f57bae54b69b01e79bff568d389c5935c622e",
            "commit-date": "1343688637"
        },
        {
            "package": "stof/doctrine-extensions-bundle",
            "version": "dev-master",
            "alias-pretty-version": "1.1.x-dev",
            "alias-version": "1.1.9999999.9999999-dev"
        },
        {
            "package": "stof/doctrine-extensions-bundle",
            "version": "dev-master",
            "source-reference": "f31a0861de08b6594f09430a4cbaf0618e5e11ad",
            "commit-date": "1343029923"
        },
        {
            "package": "swiftmailer/swiftmailer",
            "version": "dev-master",
            "alias-pretty-version": "4.2.x-dev",
            "alias-version": "4.2.9999999.9999999-dev"
        },
        {
            "package": "swiftmailer/swiftmailer",
            "version": "dev-master",
            "source-reference": "e12e4ef3a9d6dd60fb734a01984a6e6627aea764",
            "commit-date": "1345630910"
        },
        {
            "package": "symfony/assetic-bundle",
            "version": "v2.1.0-RC2"
        },
        {
            "package": "symfony/monolog-bundle",
            "version": "dev-master",
            "alias-pretty-version": "2.1.x-dev",
            "alias-version": "2.1.9999999.9999999-dev"
        },
        {
            "package": "symfony/monolog-bundle",
            "version": "dev-master",
            "source-reference": "10c3d6fcda8d73eb1a35860eeea2933d1ab2c1f6",
            "commit-date": "1345557954"
        },
        {
            "package": "symfony/swiftmailer-bundle",
            "version": "v2.1.0-RC2"
        },
        {
            "package": "symfony/symfony",
            "version": "2.1.x-dev",
            "source-reference": "f23fd03732e115fd15ec675c0ada4cba20a035d1",
            "commit-date": "1347354770"
        },
        {
            "package": "twig/extensions",
            "version": "dev-master",
            "alias-pretty-version": "1.0.x-dev",
            "alias-version": "1.0.9999999.9999999-dev"
        },
        {
            "package": "twig/extensions",
            "version": "dev-master",
            "source-reference": "f904575642b1213db69b4a98f08397e722ba1cae",
            "commit-date": "1346770278"
        },
        {
            "package": "twig/twig",
            "version": "dev-master",
            "alias-pretty-version": "1.9.x-dev",
            "alias-version": "1.9.9999999.9999999-dev"
        },
        {
            "package": "twig/twig",
            "version": "dev-master",
            "source-reference": "459720ff3b74ee0c0d159277c6f2f5df89d8a4f6",
            "commit-date": "1346397138"
        }
    ],
    "packages-dev": null,
    "aliases": [

    ],
    "minimum-stability": "dev",
    "stability-flags": [

    ]
}
