symfony v2.0.10
twig v1.6.0
monolog 1.0.2
doctrine-common 2.1.4
doctrine-dbal 2.1.6
doctrine 2.1.6
swiftmailer v4.1.5
assetic v1.0.2
twig-extensions 1dfff8e793f50f651c4f74f796c2c68a4aee3147
metadata 1.0.0
SensioFrameworkExtraBundle 638f545b7020b9e9d5944a7e3167f60ed848250d
JMSSecurityExtraBundle 541a4c242328dc04b99540c75346cc74a7c0cfb5
SensioDistributionBundle 20b66a408084ad8752f98e50f10533f5245310bf
SensioGeneratorBundle b1ccb78c1743f30817b0fce9bb5c6baff6ed7bf8
AsseticBundle v1.0.1
doctrine-fixtures aea0b95a554188892f10d8f09ce3ae8150f28f8b
DoctrineFixturesBundle a66be2f077f3a4e5c3801b356b42b8782f1abbd6
SonatajQueryBundle 01ffb8d1a7a4bb3971aed003e4f1ef050a0701aa
SonataAdminBundle 89b8a91ed81e555bf668947631718f4838ca1186
SonataBlockBundle ff34c3fe75bcedc739f3d4f8ad7f0a3b840b75e4
SonataCacheBundle f82a6d42052b226b09e16a0b7d519ee8906c6cdc
KnpMenuBundle 462b7b40e5c17813a6d14929d7bca7d0511c7736
KnpMenu f818c58d89885c5eb1e305f5b7360588fd49fbab
SonataDoctrineORMAdminBundle b5d38449cd768d01b106c8bb8409f07c02b88deb
EntityAudit 8c11e488ae1f5b6c46cce8ca29fc6f1833c932dd
SonataEasyExtendsBundle 64b8ea577fc4dcc285308a1168bf0691e07e5b72
gedmo-doctrine-extensions v2.2.0
DoctrineExtensionsBundle 051a9e00a2805e2cd4e1473e85e8f74dcb70e65c
ArmdCmsBundle 5efd4638da04e63018ff49138005122e145a19a7
ArmdCmsNewsBundle 32eed99d334bd9233b16e21bdb7f3065c386c2e5
FOSUserBundle a0e50724825fd73531a563f514168d8536b9187e
SonataUserBundle 701f6e1d9a832fa0e32ac51cb767717fe695bd2d
ArmdExtJSBundle c2eb6c791370e5d68b0984e8176ad6f5ed6b76a9
ArmdCmsMenuBundle 1e08ed0b8a8a0828f8e4c9c344fedf72da434ee2
ArmdCmsTextBundle aed5a9891bc8a5e0c62facfcc90dab3081a7ed48
ArmdAdminBundle e2e196526b81cee23c986eed5eafb559f1ea9643