symfony v2.0.10
twig v1.6.0
monolog 1.0.2
doctrine-common 2.1.4
doctrine-dbal 2.1.6
doctrine 2.1.6
swiftmailer v4.1.5
assetic v1.0.2
twig-extensions 4c831657215e51568fcb31bb9142e827f9a69bd5
metadata 1.0.0
SensioFrameworkExtraBundle 638f545b7020b9e9d5944a7e3167f60ed848250d
JMSSecurityExtraBundle 541a4c242328dc04b99540c75346cc74a7c0cfb5
SensioDistributionBundle 20b66a408084ad8752f98e50f10533f5245310bf
SensioGeneratorBundle b1ccb78c1743f30817b0fce9bb5c6baff6ed7bf8
AsseticBundle v1.0.1
doctrine-fixtures aea0b95a554188892f10d8f09ce3ae8150f28f8b
DoctrineFixturesBundle a66be2f077f3a4e5c3801b356b42b8782f1abbd6
SonatajQueryBundle 01ffb8d1a7a4bb3971aed003e4f1ef050a0701aa
SonataAdminBundle a1bd347cdb136234235ab920333c214de8644918
SonataBlockBundle ff34c3fe75bcedc739f3d4f8ad7f0a3b840b75e4
SonataCacheBundle 010f06a6ccdcecf690c1cbdf0ea7e477b2ffa3b2
KnpMenuBundle c20933d2b988a3bd0944a0fd9e00068c30f0d27f
KnpMenu f7970583d4da8776c037e2d49878d8160361e373
SonataDoctrineORMAdminBundle 5fe11d184e4398d6452dfa10c5661794a55f56ea
EntityAudit 8c11e488ae1f5b6c46cce8ca29fc6f1833c932dd
SonataEasyExtendsBundle 64b8ea577fc4dcc285308a1168bf0691e07e5b72
gedmo-doctrine-extensions v2.2.0
DoctrineExtensionsBundle 59be31ee6d89f0af0e055385e6b7474ebed161db
ArmdCmsBundle 86194d4aeb9ba31b94880b8c54fd7d355014d151
ArmdCmsNewsBundle 5a865b7b0e877dcd495b57362afaf0d1cd9d10e8
FOSUserBundle 6a892843f97d89ac7ef3d2b97c23c07076f7b7da
SonataUserBundle 832de05e6bee288c430efa9125e49c7ba622575d
ArmdExtJSBundle 0eae6e484e6d90cec2c75ea11513fe759b54daba
ArmdCmsMenuBundle f123dbe964cbf237d44c9bc18400e7c1d5a6c249
ArmdCmsTextBundle 3091df23ea5a060e633e9517b2c863d150da0eb0
ArmdAdminBundle 7ccbca66762439a6a20dc038b31f4fd7c2081108
SonataMediaBundle 5a69ff182d961b8f3c62bdae4e9495a7086e22d8
Imagine 13711166b3831f5bf8b33c10e517fc5a6f449d91
Gaufrette f4ddefc9ab40a52f88a6b5751247069d0a4598e9
buzz cbb620a5c79157015bd9b8029417264be03890bc
ArmdMkResourcesBundle 78a209bf36bb49ab56d08324c3805abbe790be62