symfony v2.0.10
twig v1.6.0
monolog 1.0.2
doctrine-common 2.1.4
doctrine-dbal 2.1.6
doctrine 2.1.6
swiftmailer v4.1.5
assetic v1.0.2
twig-extensions 1dfff8e793f50f651c4f74f796c2c68a4aee3147
metadata 1.0.0
SensioFrameworkExtraBundle 638f545b7020b9e9d5944a7e3167f60ed848250d
JMSSecurityExtraBundle 541a4c242328dc04b99540c75346cc74a7c0cfb5
SensioDistributionBundle 20b66a408084ad8752f98e50f10533f5245310bf
SensioGeneratorBundle b1ccb78c1743f30817b0fce9bb5c6baff6ed7bf8
AsseticBundle v1.0.1
doctrine-fixtures aea0b95a554188892f10d8f09ce3ae8150f28f8b
DoctrineFixturesBundle a66be2f077f3a4e5c3801b356b42b8782f1abbd6
SonatajQueryBundle 01ffb8d1a7a4bb3971aed003e4f1ef050a0701aa
SonataAdminBundle cf9bcdad1bf633da8eee4f0f3a34386405178626
SonataBlockBundle ff34c3fe75bcedc739f3d4f8ad7f0a3b840b75e4
SonataCacheBundle f82a6d42052b226b09e16a0b7d519ee8906c6cdc
KnpMenuBundle c20933d2b988a3bd0944a0fd9e00068c30f0d27f
KnpMenu f7970583d4da8776c037e2d49878d8160361e373
SonataDoctrineORMAdminBundle 510778ef174e7febce392cf89c19549cb67152a4
EntityAudit 8c11e488ae1f5b6c46cce8ca29fc6f1833c932dd
SonataEasyExtendsBundle 64b8ea577fc4dcc285308a1168bf0691e07e5b72
gedmo-doctrine-extensions v2.2.0
DoctrineExtensionsBundle d3514adad006232c2d9741c1c0d146ec4c43ebf9
ArmdCmsBundle fb1083ddb0ba3e9ca5abb88bf87ee2999a0338d8
ArmdCmsNewsBundle fc12e1b13d13a01524c3e62fe0563deb1dcb3458
FOSUserBundle 4e0eeb59b95024c1bb112548c9b48ea10d8992a9
SonataUserBundle 9e62f803aed5a9d4ae86a6b69513446b9e511a79
ArmdExtJSBundle c2eb6c791370e5d68b0984e8176ad6f5ed6b76a9
ArmdCmsMenuBundle 34e40ac16dbca0580486a36fc6d2669a5da0450f
ArmdCmsTextBundle 7252323fbe3bd31d101888f8c25346dce7b5f514
ArmdAdminBundle e12c09f0a64c3bfa7d6f0326e2a8904c16d3c854
SonataMediaBundle eb48e3399835cc5ee8dbff0dd72d1bc11b8f5b85
Imagine 45f0b8e6568b0bca99ae4d4ae6771b69ca6da0dd
Gaufrette f4ddefc9ab40a52f88a6b5751247069d0a4598e9
buzz 0804524471fab0df0450205f6efd0589d38cb3bd
ArmdMkResourcesBundle aea104c28f6bd3975e33322458e420255a1aa746